
Microsoft Visual Studio Solution File, Format Version 12.00
# Visual Studio 14
VisualStudioVersion = 14.0.25123.0
MinimumVisualStudioVersion = 10.0.40219.1
Project("{FAE04EC0-301F-11D3-BF4B-00C04F79EFBC}") = "CS422", "CS422\CS422.csproj", "{97697438-0348-4F4D-92D6-E30E000DF318}"
EndProject
Project("{FAE04EC0-301F-11D3-BF4B-00C04F79EFBC}") = "Test", "Test\Test.csproj", "{08065D3D-D2B3-477E-997A-4B26CAF54509}"
EndProject
<<<<<<< HEAD
Project("{FAE04EC0-301F-11D3-BF4B-00C04F79EFBC}") = "TestApp", "TestApp\TestApp.csproj", "{E52F0933-184C-49B4-B1A0-953CDD822A03}"
=======
Project("{FAE04EC0-301F-11D3-BF4B-00C04F79EFBC}") = "TestConsole", "TestConsole\TestConsole.csproj", "{51B9C60E-07D5-4ED5-844C-52FDF664FBE9}"
>>>>>>> 8a5e7d2c893d739deb52ac37ba0becaeb98e60d9
EndProject
Global
	GlobalSection(SolutionConfigurationPlatforms) = preSolution
		Debug|Any CPU = Debug|Any CPU
		Release|Any CPU = Release|Any CPU
	EndGlobalSection
	GlobalSection(ProjectConfigurationPlatforms) = postSolution
<<<<<<< HEAD
=======
		{08065D3D-D2B3-477E-997A-4B26CAF54509}.Debug|Any CPU.ActiveCfg = Debug|Any CPU
		{08065D3D-D2B3-477E-997A-4B26CAF54509}.Debug|Any CPU.Build.0 = Debug|Any CPU
		{08065D3D-D2B3-477E-997A-4B26CAF54509}.Release|Any CPU.ActiveCfg = Release|Any CPU
		{08065D3D-D2B3-477E-997A-4B26CAF54509}.Release|Any CPU.Build.0 = Release|Any CPU
		{51B9C60E-07D5-4ED5-844C-52FDF664FBE9}.Debug|Any CPU.ActiveCfg = Debug|Any CPU
		{51B9C60E-07D5-4ED5-844C-52FDF664FBE9}.Debug|Any CPU.Build.0 = Debug|Any CPU
		{51B9C60E-07D5-4ED5-844C-52FDF664FBE9}.Release|Any CPU.ActiveCfg = Release|Any CPU
		{51B9C60E-07D5-4ED5-844C-52FDF664FBE9}.Release|Any CPU.Build.0 = Release|Any CPU
>>>>>>> 8a5e7d2c893d739deb52ac37ba0becaeb98e60d9
		{97697438-0348-4F4D-92D6-E30E000DF318}.Debug|Any CPU.ActiveCfg = Debug|Any CPU
		{97697438-0348-4F4D-92D6-E30E000DF318}.Debug|Any CPU.Build.0 = Debug|Any CPU
		{97697438-0348-4F4D-92D6-E30E000DF318}.Release|Any CPU.ActiveCfg = Release|Any CPU
		{97697438-0348-4F4D-92D6-E30E000DF318}.Release|Any CPU.Build.0 = Release|Any CPU
		{08065D3D-D2B3-477E-997A-4B26CAF54509}.Debug|Any CPU.ActiveCfg = Debug|Any CPU
		{08065D3D-D2B3-477E-997A-4B26CAF54509}.Debug|Any CPU.Build.0 = Debug|Any CPU
		{08065D3D-D2B3-477E-997A-4B26CAF54509}.Release|Any CPU.ActiveCfg = Release|Any CPU
		{08065D3D-D2B3-477E-997A-4B26CAF54509}.Release|Any CPU.Build.0 = Release|Any CPU
		{E52F0933-184C-49B4-B1A0-953CDD822A03}.Debug|Any CPU.ActiveCfg = Debug|Any CPU
		{E52F0933-184C-49B4-B1A0-953CDD822A03}.Debug|Any CPU.Build.0 = Debug|Any CPU
		{E52F0933-184C-49B4-B1A0-953CDD822A03}.Release|Any CPU.ActiveCfg = Release|Any CPU
		{E52F0933-184C-49B4-B1A0-953CDD822A03}.Release|Any CPU.Build.0 = Release|Any CPU
	EndGlobalSection
	GlobalSection(SolutionProperties) = preSolution
		HideSolutionNode = FALSE
	EndGlobalSection
	GlobalSection(MonoDevelopProperties) = preSolution
		Policies = $0
		$0.DotNetNamingPolicy = $1
		$1.DirectoryNamespaceAssociation = None
		$1.ResourceNamePolicy = FileFormatDefault
		$0.TextStylePolicy = $4
		$2.inheritsSet = VisualStudio
		$2.inheritsScope = text/plain
		$2.scope = text/x-csharp
		$0.CSharpFormattingPolicy = $3
		$3.IndentSwitchBody = True
		$3.IndentBlocksInsideExpressions = True
		$3.AnonymousMethodBraceStyle = NextLine
		$3.PropertyBraceStyle = NextLine
		$3.PropertyGetBraceStyle = NextLine
		$3.PropertySetBraceStyle = NextLine
		$3.EventBraceStyle = NextLine
		$3.EventAddBraceStyle = NextLine
		$3.EventRemoveBraceStyle = NextLine
		$3.StatementBraceStyle = NextLine
		$3.ElseNewLinePlacement = NewLine
		$3.CatchNewLinePlacement = NewLine
		$3.FinallyNewLinePlacement = NewLine
		$3.WhileNewLinePlacement = DoNotCare
		$3.ArrayInitializerWrapping = DoNotChange
		$3.ArrayInitializerBraceStyle = NextLine
		$3.BeforeMethodDeclarationParentheses = False
		$3.BeforeMethodCallParentheses = False
		$3.BeforeConstructorDeclarationParentheses = False
		$3.NewLineBeforeConstructorInitializerColon = NewLine
		$3.NewLineAfterConstructorInitializerColon = SameLine
		$3.BeforeDelegateDeclarationParentheses = False
		$3.NewParentheses = False
		$3.SpacesBeforeBrackets = False
		$3.inheritsSet = Mono
		$3.inheritsScope = text/x-csharp
		$3.scope = text/x-csharp
		$4.FileWidth = 120
		$4.TabsToSpaces = False
		$4.inheritsSet = VisualStudio
		$4.inheritsScope = text/plain
		$4.scope = text/plain
	EndGlobalSection
EndGlobal
